
Microsoft Visual Studio Solution File, Format Version 12.00
# Visual Studio Version 17
VisualStudioVersion = 17.9.34723.18
MinimumVisualStudioVersion = 10.0.40219.1
Project("{FAE04EC0-301F-11D3-BF4B-00C04F79EFBC}") = "ExercicioFixacao4", "ExercicioFixacao4\ExercicioFixacao4.csproj", "{97230C9B-47A7-4575-A605-DE324F80C243}"
EndProject
Global
	GlobalSection(SolutionConfigurationPlatforms) = preSolution
		Debug|Any CPU = Debug|Any CPU
		Release|Any CPU = Release|Any CPU
	EndGlobalSection
	GlobalSection(ProjectConfigurationPlatforms) = postSolution
		{97230C9B-47A7-4575-A605-DE324F80C243}.Debug|Any CPU.ActiveCfg = Debug|Any CPU
		{97230C9B-47A7-4575-A605-DE324F80C243}.Debug|Any CPU.Build.0 = Debug|Any CPU
		{97230C9B-47A7-4575-A605-DE324F80C243}.Release|Any CPU.ActiveCfg = Release|Any CPU
		{97230C9B-47A7-4575-A605-DE324F80C243}.Release|Any CPU.Build.0 = Release|Any CPU
	EndGlobalSection
	GlobalSection(SolutionProperties) = preSolution
		HideSolutionNode = FALSE
	EndGlobalSection
	GlobalSection(ExtensibilityGlobals) = postSolution
		SolutionGuid = {75A622ED-7591-457B-9CF4-F39A3CFA8992}
	EndGlobalSection
EndGlobal
